// !$*UTF8*$!
{
	archiveVersion = 1;
	classes = {
	};
	objectVersion = 55;
	objects = {

/* Begin PBXBuildFile section */
		CA94FF2327339D1E008DCED9 /* AppDelegate.swift in Sources */ = {isa = PBXBuildFile; fileRef = CA94FF2227339D1E008DCED9 /* AppDelegate.swift */; };
		CA94FF2527339D1E008DCED9 /* SceneDelegate.swift in Sources */ = {isa = PBXBuildFile; fileRef = CA94FF2427339D1E008DCED9 /* SceneDelegate.swift */; };
		CA94FF2727339D1E008DCED9 /* ViewController.swift in Sources */ = {isa = PBXBuildFile; fileRef = CA94FF2627339D1E008DCED9 /* ViewController.swift */; };
		CA94FF2A27339D1E008DCED9 /* Main.storyboard in Resources */ = {isa = PBXBuildFile; fileRef = CA94FF2827339D1E008DCED9 /* Main.storyboard */; };
		CA94FF2C27339D26008DCED9 /* Assets.xcassets in Resources */ = {isa = PBXBuildFile; fileRef = CA94FF2B27339D26008DCED9 /* Assets.xcassets */; };
		CA94FF2F27339D26008DCED9 /* LaunchScreen.storyboard in Resources */ = {isa = PBXBuildFile; fileRef = CA94FF2D27339D26008DCED9 /* LaunchScreen.storyboard */; };
		CA94FF3A27339D26008DCED9 /* Pre_workTests.swift in Sources */ = {isa = PBXBuildFile; fileRef = CA94FF3927339D26008DCED9 /* Pre_workTests.swift */; };
		CA94FF4427339D27008DCED9 /* Pre_workUITests.swift in Sources */ = {isa = PBXBuildFile; fileRef = CA94FF4327339D27008DCED9 /* Pre_workUITests.swift */; };
		CA94FF4627339D27008DCED9 /* Pre_workUITestsLaunchTests.swift in Sources */ = {isa = PBXBuildFile; fileRef = CA94FF4527339D27008DCED9 /* Pre_workUITestsLaunchTests.swift */; };
		CA94FF532733A13A008DCED9 /* SettingsViewController.swift in Sources */ = {isa = PBXBuildFile; fileRef = CA94FF522733A13A008DCED9 /* SettingsViewController.swift */; };
/* End PBXBuildFile section */

/* Begin PBXContainerItemProxy section */
		CA94FF3627339D26008DCED9 /* PBXContainerItemProxy */ = {
			isa = PBXContainerItemProxy;
			containerPortal = CA94FF1727339D1E008DCED9 /* Project object */;
			proxyType = 1;
			remoteGlobalIDString = CA94FF1E27339D1E008DCED9;
			remoteInfo = Pre_work;
		};
		CA94FF4027339D27008DCED9 /* PBXContainerItemProxy */ = {
			isa = PBXContainerItemProxy;
			containerPortal = CA94FF1727339D1E008DCED9 /* Project object */;
			proxyType = 1;
			remoteGlobalIDString = CA94FF1E27339D1E008DCED9;
			remoteInfo = Pre_work;
		};
/* End PBXContainerItemProxy section */

/* Begin PBXFileReference section */
		CA94FF1F27339D1E008DCED9 /* Pre_work.app */ = {isa = PBXFileReference; explicitFileType = wrapper.application; includeInIndex = 0; path = Pre_work.app; sourceTree = BUILT_PRODUCTS_DIR; };
		CA94FF2227339D1E008DCED9 /* AppDelegate.swift */ = {isa = PBXFileReference; lastKnownFileType = sourcecode.swift; path = AppDelegate.swift; sourceTree = "<group>"; };
		CA94FF2427339D1E008DCED9 /* SceneDelegate.swift */ = {isa = PBXFileReference; lastKnownFileType = sourcecode.swift; path = SceneDelegate.swift; sourceTree = "<group>"; };
		CA94FF2627339D1E008DCED9 /* ViewController.swift */ = {isa = PBXFileReference; lastKnownFileType = sourcecode.swift; path = ViewController.swift; sourceTree = "<group>"; };
		CA94FF2927339D1E008DCED9 /* Base */ = {isa = PBXFileReference; lastKnownFileType = file.storyboard; name = Base; path = Base.lproj/Main.storyboard; sourceTree = "<group>"; };
		CA94FF2B27339D26008DCED9 /* Assets.xcassets */ = {isa = PBXFileReference; lastKnownFileType = folder.assetcatalog; path = Assets.xcassets; sourceTree = "<group>"; };
		CA94FF2E27339D26008DCED9 /* Base */ = {isa = PBXFileReference; lastKnownFileType = file.storyboard; name = Base; path = Base.lproj/LaunchScreen.storyboard; sourceTree = "<group>"; };
		CA94FF3027339D26008DCED9 /* Info.plist */ = {isa = PBXFileReference; lastKnownFileType = text.plist.xml; path = Info.plist; sourceTree = "<group>"; };
		CA94FF3527339D26008DCED9 /* Pre_workTests.xctest */ = {isa = PBXFileReference; explicitFileType = wrapper.cfbundle; includeInIndex = 0; path = Pre_workTests.xctest; sourceTree = BUILT_PRODUCTS_DIR; };
		CA94FF3927339D26008DCED9 /* Pre_workTests.swift */ = {isa = PBXFileReference; lastKnownFileType = sourcecode.swift; path = Pre_workTests.swift; sourceTree = "<group>"; };
		CA94FF3F27339D26008DCED9 /* Pre_workUITests.xctest */ = {isa = PBXFileReference; explicitFileType = wrapper.cfbundle; includeInIndex = 0; path = Pre_workUITests.xctest; sourceTree = BUILT_PRODUCTS_DIR; };
		CA94FF4327339D27008DCED9 /* Pre_workUITests.swift */ = {isa = PBXFileReference; lastKnownFileType = sourcecode.swift; path = Pre_workUITests.swift; sourceTree = "<group>"; };
		CA94FF4527339D27008DCED9 /* Pre_workUITestsLaunchTests.swift */ = {isa = PBXFileReference; lastKnownFileType = sourcecode.swift; path = Pre_workUITestsLaunchTests.swift; sourceTree = "<group>"; };
		CA94FF522733A13A008DCED9 /* SettingsViewController.swift */ = {isa = PBXFileReference; lastKnownFileType = sourcecode.swift; path = SettingsViewController.swift; sourceTree = "<group>"; };
/* End PBXFileReference section */

/* Begin PBXFrameworksBuildPhase section */
		CA94FF1C27339D1E008DCED9 /* Frameworks */ = {
			isa = PBXFrameworksBuildPhase;
			buildActionMask = 2147483647;
			files = (
			);
			runOnlyForDeploymentPostprocessing = 0;
		};
		CA94FF3227339D26008DCED9 /* Frameworks */ = {
			isa = PBXFrameworksBuildPhase;
			buildActionMask = 2147483647;
			files = (
			);
			runOnlyForDeploymentPostprocessing = 0;
		};
		CA94FF3C27339D26008DCED9 /* Frameworks */ = {
			isa = PBXFrameworksBuildPhase;
			buildActionMask = 2147483647;
			files = (
			);
			runOnlyForDeploymentPostprocessing = 0;
		};
/* End PBXFrameworksBuildPhase section */

/* Begin PBXGroup section */
		CA94FF1627339D1E008DCED9 = {
			isa = PBXGroup;
			children = (
				CA94FF2127339D1E008DCED9 /* Pre_work */,
				CA94FF3827339D26008DCED9 /* Pre_workTests */,
				CA94FF4227339D27008DCED9 /* Pre_workUITests */,
				CA94FF2027339D1E008DCED9 /* Products */,
			);
			sourceTree = "<group>";
		};
		CA94FF2027339D1E008DCED9 /* Products */ = {
			isa = PBXGroup;
			children = (
				CA94FF1F27339D1E008DCED9 /* Pre_work.app */,
				CA94FF3527339D26008DCED9 /* Pre_workTests.xctest */,
				CA94FF3F27339D26008DCED9 /* Pre_workUITests.xctest */,
			);
			name = Products;
			sourceTree = "<group>";
		};
		CA94FF2127339D1E008DCED9 /* Pre_work */ = {
			isa = PBXGroup;
			children = (
				CA94FF2227339D1E008DCED9 /* AppDelegate.swift */,
				CA94FF2427339D1E008DCED9 /* SceneDelegate.swift */,
				CA94FF2627339D1E008DCED9 /* ViewController.swift */,
				CA94FF2827339D1E008DCED9 /* Main.storyboard */,
				CA94FF522733A13A008DCED9 /* SettingsViewController.swift */,
				CA94FF2B27339D26008DCED9 /* Assets.xcassets */,
				CA94FF2D27339D26008DCED9 /* LaunchScreen.storyboard */,
				CA94FF3027339D26008DCED9 /* Info.plist */,
			);
			path = Pre_work;
			sourceTree = "<group>";
		};
		CA94FF3827339D26008DCED9 /* Pre_workTests */ = {
			isa = PBXGroup;
			children = (
				CA94FF3927339D26008DCED9 /* Pre_workTests.swift */,
			);
			path = Pre_workTests;
			sourceTree = "<group>";
		};
		CA94FF4227339D27008DCED9 /* Pre_workUITests */ = {
			isa = PBXGroup;
			children = (
				CA94FF4327339D27008DCED9 /* Pre_workUITests.swift */,
				CA94FF4527339D27008DCED9 /* Pre_workUITestsLaunchTests.swift */,
			);
			path = Pre_workUITests;
			sourceTree = "<group>";
		};
/* End PBXGroup section */

/* Begin PBXNativeTarget section */
		CA94FF1E27339D1E008DCED9 /* Pre_work */ = {
			isa = PBXNativeTarget;
			buildConfigurationList = CA94FF4927339D27008DCED9 /* Build configuration list for PBXNativeTarget "Pre_work" */;
			buildPhases = (
				CA94FF1B27339D1E008DCED9 /* Sources */,
				CA94FF1C27339D1E008DCED9 /* Frameworks */,
				CA94FF1D27339D1E008DCED9 /* Resources */,
			);
			buildRules = (
			);
			dependencies = (
			);
			name = Pre_work;
			productName = Pre_work;
			productReference = CA94FF1F27339D1E008DCED9 /* Pre_work.app */;
			productType = "com.apple.product-type.application";
		};
		CA94FF3427339D26008DCED9 /* Pre_workTests */ = {
			isa = PBXNativeTarget;
			buildConfigurationList = CA94FF4C27339D27008DCED9 /* Build configuration list for PBXNativeTarget "Pre_workTests" */;
			buildPhases = (
				CA94FF3127339D26008DCED9 /* Sources */,
				CA94FF3227339D26008DCED9 /* Frameworks */,
				CA94FF3327339D26008DCED9 /* Resources */,
			);
			buildRules = (
			);
			dependencies = (
				CA94FF3727339D26008DCED9 /* PBXTargetDependency */,
			);
			name = Pre_workTests;
			productName = Pre_workTests;
			productReference = CA94FF3527339D26008DCED9 /* Pre_workTests.xctest */;
			productType = "com.apple.product-type.bundle.unit-test";
		};
		CA94FF3E27339D26008DCED9 /* Pre_workUITests */ = {
			isa = PBXNativeTarget;
			buildConfigurationList = CA94FF4F27339D27008DCED9 /* Build configuration list for PBXNativeTarget "Pre_workUITests" */;
			buildPhases = (
				CA94FF3B27339D26008DCED9 /* Sources */,
				CA94FF3C27339D26008DCED9 /* Frameworks */,
				CA94FF3D27339D26008DCED9 /* Resources */,
			);
			buildRules = (
			);
			dependencies = (
				CA94FF4127339D27008DCED9 /* PBXTargetDependency */,
			);
			name = Pre_workUITests;
			productName = Pre_workUITests;
			productReference = CA94FF3F27339D26008DCED9 /* Pre_workUITests.xctest */;
			productType = "com.apple.product-type.bundle.ui-testing";
		};
/* End PBXNativeTarget section */

/* Begin PBXProject section */
		CA94FF1727339D1E008DCED9 /* Project object */ = {
			isa = PBXProject;
			attributes = {
				BuildIndependentTargetsInParallel = 1;
				LastSwiftUpdateCheck = 1310;
				LastUpgradeCheck = 1310;
				TargetAttributes = {
					CA94FF1E27339D1E008DCED9 = {
						CreatedOnToolsVersion = 13.1;
					};
					CA94FF3427339D26008DCED9 = {
						CreatedOnToolsVersion = 13.1;
						TestTargetID = CA94FF1E27339D1E008DCED9;
					};
					CA94FF3E27339D26008DCED9 = {
						CreatedOnToolsVersion = 13.1;
						TestTargetID = CA94FF1E27339D1E008DCED9;
					};
				};
			};
			buildConfigurationList = CA94FF1A27339D1E008DCED9 /* Build configuration list for PBXProject "Pre_work" */;
			compatibilityVersion = "Xcode 13.0";
			developmentRegion = en;
			hasScannedForEncodings = 0;
			knownRegions = (
				en,
				Base,
			);
			mainGroup = CA94FF1627339D1E008DCED9;
			productRefGroup = CA94FF2027339D1E008DCED9 /* Products */;
			projectDirPath = "";
			projectRoot = "";
			targets = (
				CA94FF1E27339D1E008DCED9 /* Pre_work */,
				CA94FF3427339D26008DCED9 /* Pre_workTests */,
				CA94FF3E27339D26008DCED9 /* Pre_workUITests */,
			);
		};
/* End PBXProject section */

/* Begin PBXResourcesBuildPhase section */
		CA94FF1D27339D1E008DCED9 /* Resources */ = {
			isa = PBXResourcesBuildPhase;
			buildActionMask = 2147483647;
			files = (
				CA94FF2F27339D26008DCED9 /* LaunchScreen.storyboard in Resources */,
				CA94FF2C27339D26008DCED9 /* Assets.xcassets in Resources */,
				CA94FF2A27339D1E008DCED9 /* Main.storyboard in Resources */,
			);
			runOnlyForDeploymentPostprocessing = 0;
		};
		CA94FF3327339D26008DCED9 /* Resources */ = {
			isa = PBXResourcesBuildPhase;
			buildActionMask = 2147483647;
			files = (
			);
			runOnlyForDeploymentPostprocessing = 0;
		};
		CA94FF3D27339D26008DCED9 /* Resources */ = {
			isa = PBXResourcesBuildPhase;
			buildActionMask = 2147483647;
			files = (
			);
			runOnlyForDeploymentPostprocessing = 0;
		};
/* End PBXResourcesBuildPhase section */

/* Begin PBXSourcesBuildPhase section */
		CA94FF1B27339D1E008DCED9 /* Sources */ = {
			isa = PBXSourcesBuildPhase;
			buildActionMask = 2147483647;
			files = (
				CA94FF2727339D1E008DCED9 /* ViewController.swift in Sources */,
				CA94FF2327339D1E008DCED9 /* AppDelegate.swift in Sources */,
				CA94FF2527339D1E008DCED9 /* SceneDelegate.swift in Sources */,
				CA94FF532733A13A008DCED9 /* SettingsViewController.swift in Sources */,
			);
			runOnlyForDeploymentPostprocessing = 0;
		};
		CA94FF3127339D26008DCED9 /* Sources */ = {
			isa = PBXSourcesBuildPhase;
			buildActionMask = 2147483647;
			files = (
				CA94FF3A27339D26008DCED9 /* Pre_workTests.swift in Sources */,
			);
			runOnlyForDeploymentPostprocessing = 0;
		};
		CA94FF3B27339D26008DCED9 /* Sources */ = {
			isa = PBXSourcesBuildPhase;
			buildActionMask = 2147483647;
			files = (
				CA94FF4627339D27008DCED9 /* Pre_workUITestsLaunchTests.swift in Sources */,
				CA94FF4427339D27008DCED9 /* Pre_workUITests.swift in Sources */,
			);
			runOnlyForDeploymentPostprocessing = 0;
		};
/* End PBXSourcesBuildPhase section */

/* Begin PBXTargetDependency section */
		CA94FF3727339D26008DCED9 /* PBXTargetDependency */ = {
			isa = PBXTargetDependency;
			target = CA94FF1E27339D1E008DCED9 /* Pre_work */;
			targetProxy = CA94FF3627339D26008DCED9 /* PBXContainerItemProxy */;
		};
		CA94FF4127339D27008DCED9 /* PBXTargetDependency */ = {
			isa = PBXTargetDependency;
			target = CA94FF1E27339D1E008DCED9 /* Pre_work */;
			targetProxy = CA94FF4027339D27008DCED9 /* PBXContainerItemProxy */;
		};
/* End PBXTargetDependency section */

/* Begin PBXVariantGroup section */
		CA94FF2827339D1E008DCED9 /* Main.storyboard */ = {
			isa = PBXVariantGroup;
			children = (
				CA94FF2927339D1E008DCED9 /* Base */,
			);
			name = Main.storyboard;
			sourceTree = "<group>";
		};
		CA94FF2D27339D26008DCED9 /* LaunchScreen.storyboard */ = {
			isa = PBXVariantGroup;
			children = (
				CA94FF2E27339D26008DCED9 /* Base */,
			);
			name = LaunchScreen.storyboard;
			sourceTree = "<group>";
		};
/* End PBXVariantGroup section */

/* Begin XCBuildConfiguration section */
		CA94FF4727339D27008DCED9 /* Debug */ = {
			isa = XCBuildConfiguration;
			buildSettings = {
				ALWAYS_SEARCH_USER_PATHS = NO;
				CLANG_ANALYZER_NONNULL = YES;
				CLANG_ANALYZER_NUMBER_OBJECT_CONVERSION = YES_AGGRESSIVE;
				CLANG_CXX_LANGUAGE_STANDARD = "gnu++17";
				CLANG_CXX_LIBRARY = "libc++";
				CLANG_ENABLE_MODULES = YES;
				CLANG_ENABLE_OBJC_ARC = YES;
				CLANG_ENABLE_OBJC_WEAK = YES;
				CLANG_WARN_BLOCK_CAPTURE_AUTORELEASING = YES;
				CLANG_WARN_BOOL_CONVERSION = YES;
				CLANG_WARN_COMMA = YES;
				CLANG_WARN_CONSTANT_CONVERSION = YES;
				CLANG_WARN_DEPRECATED_OBJC_IMPLEMENTATIONS = YES;
				CLANG_WARN_DIRECT_OBJC_ISA_USAGE = YES_ERROR;
				CLANG_WARN_DOCUMENTATION_COMMENTS = YES;
				CLANG_WARN_EMPTY_BODY = YES;
				CLANG_WARN_ENUM_CONVERSION = YES;
				CLANG_WARN_INFINITE_RECURSION = YES;
				CLANG_WARN_INT_CONVERSION = YES;
				CLANG_WARN_NON_LITERAL_NULL_CONVERSION = YES;
				CLANG_WARN_OBJC_IMPLICIT_RETAIN_SELF = YES;
				CLANG_WARN_OBJC_LITERAL_CONVERSION = YES;
				CLANG_WARN_OBJC_ROOT_CLASS = YES_ERROR;
				CLANG_WARN_QUOTED_INCLUDE_IN_FRAMEWORK_HEADER = YES;
				CLANG_WARN_RANGE_LOOP_ANALYSIS = YES;
				CLANG_WARN_STRICT_PROTOTYPES = YES;
				CLANG_WARN_SUSPICIOUS_MOVE = YES;
				CLANG_WARN_UNGUARDED_AVAILABILITY = YES_AGGRESSIVE;
				CLANG_WARN_UNREACHABLE_CODE = YES;
				CLANG_WARN__DUPLICATE_METHOD_MATCH = YES;
				COPY_PHASE_STRIP = NO;
				DEBUG_INFORMATION_FORMAT = dwarf;
				ENABLE_STRICT_OBJC_MSGSEND = YES;
				ENABLE_TESTABILITY = YES;
				GCC_C_LANGUAGE_STANDARD = gnu11;
				GCC_DYNAMIC_NO_PIC = NO;
				GCC_NO_COMMON_BLOCKS = YES;
				GCC_OPTIMIZATION_LEVEL = 0;
				GCC_PREPROCESSOR_DEFINITIONS = (
					"DEBUG=1",
					"$(inherited)",
				);
				GCC_WARN_64_TO_32_BIT_CONVERSION = YES;
				GCC_WARN_ABOUT_RETURN_TYPE = YES_ERROR;
				GCC_WARN_UNDECLARED_SELECTOR = YES;
				GCC_WARN_UNINITIALIZED_AUTOS = YES_AGGRESSIVE;
				GCC_WARN_UNUSED_FUNCTION = YES;
				GCC_WARN_UNUSED_VARIABLE = YES;
				IPHONEOS_DEPLOYMENT_TARGET = 15.0;
				MTL_ENABLE_DEBUG_INFO = INCLUDE_SOURCE;
				MTL_FAST_MATH = YES;
				ONLY_ACTIVE_ARCH = YES;
				SDKROOT = iphoneos;
				SWIFT_ACTIVE_COMPILATION_CONDITIONS = DEBUG;
				SWIFT_OPTIMIZATION_LEVEL = "-Onone";
			};
			name = Debug;
		};
		CA94FF4827339D27008DCED9 /* Release */ = {
			isa = XCBuildConfiguration;
			buildSettings = {
				ALWAYS_SEARCH_USER_PATHS = NO;
				CLANG_ANALYZER_NONNULL = YES;
				CLANG_ANALYZER_NUMBER_OBJECT_CONVERSION = YES_AGGRESSIVE;
				CLANG_CXX_LANGUAGE_STANDARD = "gnu++17";
				CLANG_CXX_LIBRARY = "libc++";
				CLANG_ENABLE_MODULES = YES;
				CLANG_ENABLE_OBJC_ARC = YES;
				CLANG_ENABLE_OBJC_WEAK = YES;
				CLANG_WARN_BLOCK_CAPTURE_AUTORELEASING = YES;
				CLANG_WARN_BOOL_CONVERSION = YES;
				CLANG_WARN_COMMA = YES;
				CLANG_WARN_CONSTANT_CONVERSION = YES;
				CLANG_WARN_DEPRECATED_OBJC_IMPLEMENTATIONS = YES;
				CLANG_WARN_DIRECT_OBJC_ISA_USAGE = YES_ERROR;
				CLANG_WARN_DOCUMENTATION_COMMENTS = YES;
				CLANG_WARN_EMPTY_BODY = YES;
				CLANG_WARN_ENUM_CONVERSION = YES;
				CLANG_WARN_INFINITE_RECURSION = YES;
				CLANG_WARN_INT_CONVERSION = YES;
				CLANG_WARN_NON_LITERAL_NULL_CONVERSION = YES;
				CLANG_WARN_OBJC_IMPLICIT_RETAIN_SELF = YES;
				CLANG_WARN_OBJC_LITERAL_CONVERSION = YES;
				CLANG_WARN_OBJC_ROOT_CLASS = YES_ERROR;
				CLANG_WARN_QUOTED_INCLUDE_IN_FRAMEWORK_HEADER = YES;
				CLANG_WARN_RANGE_LOOP_ANALYSIS = YES;
				CLANG_WARN_STRICT_PROTOTYPES = YES;
				CLANG_WARN_SUSPICIOUS_MOVE = YES;
				CLANG_WARN_UNGUARDED_AVAILABILITY = YES_AGGRESSIVE;
				CLANG_WARN_UNREACHABLE_CODE = YES;
				CLANG_WARN__DUPLICATE_METHOD_MATCH = YES;
				COPY_PHASE_STRIP = NO;
				DEBUG_INFORMATION_FORMAT = "dwarf-with-dsym";
				ENABLE_NS_ASSERTIONS = NO;
				ENABLE_STRICT_OBJC_MSGSEND = YES;
				GCC_C_LANGUAGE_STANDARD = gnu11;
				GCC_NO_COMMON_BLOCKS = YES;
				GCC_WARN_64_TO_32_BIT_CONVERSION = YES;
				GCC_WARN_ABOUT_RETURN_TYPE = YES_ERROR;
				GCC_WARN_UNDECLARED_SELECTOR = YES;
				GCC_WARN_UNINITIALIZED_AUTOS = YES_AGGRESSIVE;
				GCC_WARN_UNUSED_FUNCTION = YES;
				GCC_WARN_UNUSED_VARIABLE = YES;
				IPHONEOS_DEPLOYMENT_TARGET = 15.0;
				MTL_ENABLE_DEBUG_INFO = NO;
				MTL_FAST_MATH = YES;
				SDKROOT = iphoneos;
				SWIFT_COMPILATION_MODE = wholemodule;
				SWIFT_OPTIMIZATION_LEVEL = "-O";
				VALIDATE_PRODUCT = YES;
			};
			name = Release;
		};
		CA94FF4A27339D27008DCED9 /* Debug */ = {
			isa = XCBuildConfiguration;
			buildSettings = {
				ASSETCATALOG_COMPILER_APPICON_NAME = AppIcon;
				ASSETCATALOG_COMPILER_GLOBAL_ACCENT_COLOR_NAME = AccentColor;
				CODE_SIGN_STYLE = Automatic;
				CURRENT_PROJECT_VERSION = 1;
				GENERATE_INFOPLIST_FILE = YES;
				INFOPLIST_FILE = Pre_work/Info.plist;
				INFOPLIST_KEY_UIApplicationSupportsIndirectInputEvents = YES;
				INFOPLIST_KEY_UILaunchStoryboardName = LaunchScreen;
				INFOPLIST_KEY_UIMainStoryboardFile = Main;
				INFOPLIST_KEY_UISupportedInterfaceOrientations_iPad = "UIInterfaceOrientationPortrait UIInterfaceOrientationPortraitUpsideDown UIInterfaceOrientationLandscapeLeft UIInterfaceOrientationLandscapeRight";
				INFOPLIST_KEY_UISupportedInterfaceOrientations_iPhone = "UIInterfaceOrientationPortrait UIInterfaceOrientationLandscapeLeft UIInterfaceOrientationLandscapeRight";
				LD_RUNPATH_SEARCH_PATHS = (
					"$(inherited)",
					"@executable_path/Frameworks",
				);
				MARKETING_VERSION = 1.0;
				PRODUCT_BUNDLE_IDENTIFIER = "memo.com.Pre-work";
				PRODUCT_NAME = "$(TARGET_NAME)";
				SWIFT_EMIT_LOC_STRINGS = YES;
				SWIFT_VERSION = 5.0;
				TARGETED_DEVICE_FAMILY = "1,2";
			};
			name = Debug;
		};
		CA94FF4B27339D27008DCED9 /* Release */ = {
			isa = XCBuildConfiguration;
			buildSettings = {
				ASSETCATALOG_COMPILER_APPICON_NAME = AppIcon;
				ASSETCATALOG_COMPILER_GLOBAL_ACCENT_COLOR_NAME = AccentColor;
				CODE_SIGN_STYLE = Automatic;
				CURRENT_PROJECT_VERSION = 1;
				GENERATE_INFOPLIST_FILE = YES;
				INFOPLIST_FILE = Pre_work/Info.plist;
				INFOPLIST_KEY_UIApplicationSupportsIndirectInputEvents = YES;
				INFOPLIST_KEY_UILaunchStoryboardName = LaunchScreen;
				INFOPLIST_KEY_UIMainStoryboardFile = Main;
				INFOPLIST_KEY_UISupportedInterfaceOrientations_iPad = "UIInterfaceOrientationPortrait UIInterfaceOrientationPortraitUpsideDown UIInterfaceOrientationLandscapeLeft UIInterfaceOrientationLandscapeRight";
				INFOPLIST_KEY_UISupportedInterfaceOrientations_iPhone = "UIInterfaceOrientationPortrait UIInterfaceOrientationLandscapeLeft UIInterfaceOrientationLandscapeRight";
				LD_RUNPATH_SEARCH_PATHS = (
					"$(inherited)",
					"@executable_path/Frameworks",
				);
				MARKETING_VERSION = 1.0;
				PRODUCT_BUNDLE_IDENTIFIER = "memo.com.Pre-work";
				PRODUCT_NAME = "$(TARGET_NAME)";
				SWIFT_EMIT_LOC_STRINGS = YES;
				SWIFT_VERSION = 5.0;
				TARGETED_DEVICE_FAMILY = "1,2";
			};
			name = Release;
		};
		CA94FF4D27339D27008DCED9 /* Debug */ = {
			isa = XCBuildConfiguration;
			buildSettings = {
				ALWAYS_EMBED_SWIFT_STANDARD_LIBRARIES = YES;
				BUNDLE_LOADER = "$(TEST_HOST)";
				CODE_SIGN_STYLE = Automatic;
				CURRENT_PROJECT_VERSION = 1;
				GENERATE_INFOPLIST_FILE = YES;
				IPHONEOS_DEPLOYMENT_TARGET = 15.0;
				LD_RUNPATH_SEARCH_PATHS = (
					"$(inherited)",
					"@executable_path/Frameworks",
					"@loader_path/Frameworks",
				);
				MARKETING_VERSION = 1.0;
				PRODUCT_BUNDLE_IDENTIFIER = "memo.com.Pre-workTests";
				PRODUCT_NAME = "$(TARGET_NAME)";
				SWIFT_EMIT_LOC_STRINGS = NO;
				SWIFT_VERSION = 5.0;
				TARGETED_DEVICE_FAMILY = "1,2";
				TEST_HOST = "$(BUILT_PRODUCTS_DIR)/Pre_work.app/Pre_work";
			};
			name = Debug;
		};
		CA94FF4E27339D27008DCED9 /* Release */ = {
			isa = XCBuildConfiguration;
			buildSettings = {
				ALWAYS_EMBED_SWIFT_STANDARD_LIBRARIES = YES;
				BUNDLE_LOADER = "$(TEST_HOST)";
				CODE_SIGN_STYLE = Automatic;
				CURRENT_PROJECT_VERSION = 1;
				GENERATE_INFOPLIST_FILE = YES;
				IPHONEOS_DEPLOYMENT_TARGET = 15.0;
				LD_RUNPATH_SEARCH_PATHS = (
					"$(inherited)",
					"@executable_path/Frameworks",
					"@loader_path/Frameworks",
				);
				MARKETING_VERSION = 1.0;
				PRODUCT_BUNDLE_IDENTIFIER = "memo.com.Pre-workTests";
				PRODUCT_NAME = "$(TARGET_NAME)";
				SWIFT_EMIT_LOC_STRINGS = NO;
				SWIFT_VERSION = 5.0;
				TARGETED_DEVICE_FAMILY = "1,2";
				TEST_HOST = "$(BUILT_PRODUCTS_DIR)/Pre_work.app/Pre_work";
			};
			name = Release;
		};
		CA94FF5027339D27008DCED9 /* Debug */ = {
			isa = XCBuildConfiguration;
			buildSettings = {
				ALWAYS_EMBED_SWIFT_STANDARD_LIBRARIES = YES;
				CODE_SIGN_STYLE = Automatic;
				CURRENT_PROJECT_VERSION = 1;
				GENERATE_INFOPLIST_FILE = YES;
				LD_RUNPATH_SEARCH_PATHS = (
					"$(inherited)",
					"@executable_path/Frameworks",
					"@loader_path/Frameworks",
				);
				MARKETING_VERSION = 1.0;
				PRODUCT_BUNDLE_IDENTIFIER = "memo.com.Pre-workUITests";
				PRODUCT_NAME = "$(TARGET_NAME)";
				SWIFT_EMIT_LOC_STRINGS = NO;
				SWIFT_VERSION = 5.0;
				TARGETED_DEVICE_FAMILY = "1,2";
				TEST_TARGET_NAME = Pre_work;
			};
			name = Debug;
		};
		CA94FF5127339D27008DCED9 /* Release */ = {
			isa = XCBuildConfiguration;
			buildSettings = {
				ALWAYS_EMBED_SWIFT_STANDARD_LIBRARIES = YES;
				CODE_SIGN_STYLE = Automatic;
				CURRENT_PROJECT_VERSION = 1;
				GENERATE_INFOPLIST_FILE = YES;
				LD_RUNPATH_SEARCH_PATHS = (
					"$(inherited)",
					"@executable_path/Frameworks",
					"@loader_path/Frameworks",
				);
				MARKETING_VERSION = 1.0;
				PRODUCT_BUNDLE_IDENTIFIER = "memo.com.Pre-workUITests";
				PRODUCT_NAME = "$(TARGET_NAME)";
				SWIFT_EMIT_LOC_STRINGS = NO;
				SWIFT_VERSION = 5.0;
				TARGETED_DEVICE_FAMILY = "1,2";
				TEST_TARGET_NAME = Pre_work;
			};
			name = Release;
		};
/* End XCBuildConfiguration section */

/* Begin XCConfigurationList section */
		CA94FF1A27339D1E008DCED9 /* Build configuration list for PBXProject "Pre_work" */ = {
			isa = XCConfigurationList;
			buildConfigurations = (
				CA94FF4727339D27008DCED9 /* Debug */,
				CA94FF4827339D27008DCED9 /* Release */,
			);
			defaultConfigurationIsVisible = 0;
			defaultConfigurationName = Release;
		};
		CA94FF4927339D27008DCED9 /* Build configuration list for PBXNativeTarget "Pre_work" */ = {
			isa = XCConfigurationList;
			buildConfigurations = (
				CA94FF4A27339D27008DCED9 /* Debug */,
				CA94FF4B27339D27008DCED9 /* Release */,
			);
			defaultConfigurationIsVisible = 0;
			defaultConfigurationName = Release;
		};
		CA94FF4C27339D27008DCED9 /* Build configuration list for PBXNativeTarget "Pre_workTests" */ = {
			isa = XCConfigurationList;
			buildConfigurations = (
				CA94FF4D27339D27008DCED9 /* Debug */,
				CA94FF4E27339D27008DCED9 /* Release */,
			);
			defaultConfigurationIsVisible = 0;
			defaultConfigurationName = Release;
		};
		CA94FF4F27339D27008DCED9 /* Build configuration list for PBXNativeTarget "Pre_workUITests" */ = {
			isa = XCConfigurationList;
			buildConfigurations = (
				CA94FF5027339D27008DCED9 /* Debug */,
				CA94FF5127339D27008DCED9 /* Release */,
			);
			defaultConfigurationIsVisible = 0;
			defaultConfigurationName = Release;
		};
/* End XCConfigurationList section */
	};
	rootObject = CA94FF1727339D1E008DCED9 /* Project object */;
}
